
Microsoft Visual Studio Solution File, Format Version 11.00
# Visual Studio 2010
Project("{F184B08F-C81C-45F6-A57F-5ABD9991F28F}") = "WcfService1", "WcfService1\WcfService1.vbproj", "{9CD8AFF1-113B-4FD7-B5AA-DAAD301C22DE}"
EndProject
Global
	GlobalSection(SolutionConfigurationPlatforms) = preSolution
		Debug|Any CPU = Debug|Any CPU
		Release|Any CPU = Release|Any CPU
	EndGlobalSection
	GlobalSection(ProjectConfigurationPlatforms) = postSolution
		{9CD8AFF1-113B-4FD7-B5AA-DAAD301C22DE}.Debug|Any CPU.ActiveCfg = Debug|Any CPU
		{9CD8AFF1-113B-4FD7-B5AA-DAAD301C22DE}.Debug|Any CPU.Build.0 = Debug|Any CPU
		{9CD8AFF1-113B-4FD7-B5AA-DAAD301C22DE}.Release|Any CPU.ActiveCfg = Release|Any CPU
		{9CD8AFF1-113B-4FD7-B5AA-DAAD301C22DE}.Release|Any CPU.Build.0 = Release|Any CPU
	EndGlobalSection
	GlobalSection(SolutionProperties) = preSolution
		HideSolutionNode = FALSE
	EndGlobalSection
EndGlobal
